
Microsoft Visual Studio Solution File, Format Version 12.00
# Visual Studio 15
VisualStudioVersion = 15.0.28307.421
MinimumVisualStudioVersion = 10.0.40219.1
Project("{8BC9CEB8-8B4A-11D0-8D11-00A0C91BC942}") = "Sudoku", "Sudoku\Sudoku.vcxproj", "{C65E5BAD-E545-4653-8C8A-455F642458DB}"
EndProject
Global
	GlobalSection(SolutionConfigurationPlatforms) = preSolution
		Debug|x64 = Debug|x64
		Debug|x86 = Debug|x86
		Release|x64 = Release|x64
		Release|x86 = Release|x86
	EndGlobalSection
	GlobalSection(ProjectConfigurationPlatforms) = postSolution
		{C65E5BAD-E545-4653-8C8A-455F642458DB}.Debug|x64.ActiveCfg = Debug|x64
		{C65E5BAD-E545-4653-8C8A-455F642458DB}.Debug|x64.Build.0 = Debug|x64
		{C65E5BAD-E545-4653-8C8A-455F642458DB}.Debug|x86.ActiveCfg = Debug|Win32
		{C65E5BAD-E545-4653-8C8A-455F642458DB}.Debug|x86.Build.0 = Debug|Win32
		{C65E5BAD-E545-4653-8C8A-455F642458DB}.Release|x64.ActiveCfg = Release|x64
		{C65E5BAD-E545-4653-8C8A-455F642458DB}.Release|x64.Build.0 = Release|x64
		{C65E5BAD-E545-4653-8C8A-455F642458DB}.Release|x86.ActiveCfg = Release|Win32
		{C65E5BAD-E545-4653-8C8A-455F642458DB}.Release|x86.Build.0 = Release|Win32
	EndGlobalSection
	GlobalSection(SolutionProperties) = preSolution
		HideSolutionNode = FALSE
	EndGlobalSection
	GlobalSection(ExtensibilityGlobals) = postSolution
		SolutionGuid = {3AAC9F62-3A0C-4B3E-927E-D9F401BCCED5}
	EndGlobalSection
EndGlobal
